{
    "name": "bash-env-parser",
    "version": "0.1.0",
    "lockfileVersion": 1,
    "requires": true,
    "dependencies": {
        "@types/node": {
            "version": "12.12.14",
            "resolved": "https://registry.npmjs.org/@types/node/-/node-12.12.14.tgz",
            "integrity": "sha512-u/SJDyXwuihpwjXy7hOOghagLEV1KdAST6syfnOk6QZAMzZuWZqXy5aYYZbh8Jdpd4escVFP0MvftHNDb9pruA==",
            "dev": true
        },
        "@types/pegjs": {
            "version": "0.10.1",
            "resolved": "https://registry.npmjs.org/@types/pegjs/-/pegjs-0.10.1.tgz",
            "integrity": "sha512-ra8IchO9odGQmYKbm+94K58UyKCEKdZh9y0vxhG4pIpOJOBlC1C+ZtBVr6jLs+/oJ4pl+1p/4t3JtBA8J10Vvw==",
            "dev": true
        },
        "pegjs": {
            "version": "0.10.0",
            "resolved": "https://registry.npmjs.org/pegjs/-/pegjs-0.10.0.tgz",
            "integrity": "sha1-z4uvrm7d/0tafvsYUmnqr0YQ3b0=",
            "dev": true
        },
        "prettier": {
            "version": "1.19.1",
            "resolved": "https://registry.npmjs.org/prettier/-/prettier-1.19.1.tgz",
            "integrity": "sha512-s7PoyDv/II1ObgQunCbB9PdLmUcBZcnWOcxDh7O0N/UwDEsHyqkW+Qh28jW+mVuCdx7gLB0BotYI1Y6uI9iyew==",
            "dev": true
        },
        "typescript": {
            "version": "3.7.2",
            "resolved": "https://registry.npmjs.org/typescript/-/typescript-3.7.2.tgz",
            "integrity": "sha512-ml7V7JfiN2Xwvcer+XAf2csGO1bPBdRbFCkYBczNZggrBZ9c7G3riSUeJmqEU5uOtXNPMhE3n+R4FA/3YOAWOQ==",
            "dev": true
        }
    }
}
